// !$*UTF8*$!
{
	archiveVersion = 1;
	classes = {
	};
	objectVersion = 56;
	objects = {

/* Begin PBXBuildFile section */
		6445BD0A2A697A3A00833E65 /* LaunchScreenManager.swift in Sources */ = {isa = PBXBuildFile; fileRef = 6445BD092A697A3A00833E65 /* LaunchScreenManager.swift */; };
		6445BD0C2A69A75C00833E65 /* HomeView.swift in Sources */ = {isa = PBXBuildFile; fileRef = 6445BD0B2A69A75C00833E65 /* HomeView.swift */; };
		64B832362A696E1800079C83 /* LaunchScreenView.swift in Sources */ = {isa = PBXBuildFile; fileRef = 64B832352A696E1800079C83 /* LaunchScreenView.swift */; };
		64C78A202A6D44E500436687 /* FSCalendar in Frameworks */ = {isa = PBXBuildFile; productRef = 64C78A1F2A6D44E500436687 /* FSCalendar */; };
		64C78A222A6D492B00436687 /* FormattedDate.swift in Sources */ = {isa = PBXBuildFile; fileRef = 64C78A212A6D492B00436687 /* FormattedDate.swift */; };
		64D955F62A682548003D679E /* fitness_appApp.swift in Sources */ = {isa = PBXBuildFile; fileRef = 64D955F52A682548003D679E /* fitness_appApp.swift */; };
		64D955F82A682548003D679E /* ContentView.swift in Sources */ = {isa = PBXBuildFile; fileRef = 64D955F72A682548003D679E /* ContentView.swift */; };
		64D955FA2A682548003D679E /* Assets.xcassets in Resources */ = {isa = PBXBuildFile; fileRef = 64D955F92A682548003D679E /* Assets.xcassets */; };
		64D955FD2A682548003D679E /* Preview Assets.xcassets in Resources */ = {isa = PBXBuildFile; fileRef = 64D955FC2A682548003D679E /* Preview Assets.xcassets */; };
		64D956042A68259F003D679E /* HealthView.swift in Sources */ = {isa = PBXBuildFile; fileRef = 64D956032A68259F003D679E /* HealthView.swift */; };
		64D956062A6825C1003D679E /* ExercisesView.swift in Sources */ = {isa = PBXBuildFile; fileRef = 64D956052A6825C1003D679E /* ExercisesView.swift */; };
		64D956082A6825D7003D679E /* CaloriesView.swift in Sources */ = {isa = PBXBuildFile; fileRef = 64D956072A6825D7003D679E /* CaloriesView.swift */; };
		64D9560A2A682689003D679E /* SettingsView.swift in Sources */ = {isa = PBXBuildFile; fileRef = 64D956092A682689003D679E /* SettingsView.swift */; };
/* End PBXBuildFile section */

/* Begin PBXFileReference section */
		6445BD092A697A3A00833E65 /* LaunchScreenManager.swift */ = {isa = PBXFileReference; lastKnownFileType = sourcecode.swift; path = LaunchScreenManager.swift; sourceTree = "<group>"; };
		6445BD0B2A69A75C00833E65 /* HomeView.swift */ = {isa = PBXFileReference; lastKnownFileType = sourcecode.swift; path = HomeView.swift; sourceTree = "<group>"; };
		64B832322A696C3D00079C83 /* Info.plist */ = {isa = PBXFileReference; lastKnownFileType = text.plist; path = Info.plist; sourceTree = "<group>"; };
		64B832352A696E1800079C83 /* LaunchScreenView.swift */ = {isa = PBXFileReference; lastKnownFileType = sourcecode.swift; path = LaunchScreenView.swift; sourceTree = "<group>"; };
		64C78A212A6D492B00436687 /* FormattedDate.swift */ = {isa = PBXFileReference; lastKnownFileType = sourcecode.swift; path = FormattedDate.swift; sourceTree = "<group>"; };
		64D955F22A682548003D679E /* Dawn.app */ = {isa = PBXFileReference; explicitFileType = wrapper.application; includeInIndex = 0; path = Dawn.app; sourceTree = BUILT_PRODUCTS_DIR; };
		64D955F52A682548003D679E /* fitness_appApp.swift */ = {isa = PBXFileReference; lastKnownFileType = sourcecode.swift; path = fitness_appApp.swift; sourceTree = "<group>"; };
		64D955F72A682548003D679E /* ContentView.swift */ = {isa = PBXFileReference; lastKnownFileType = sourcecode.swift; path = ContentView.swift; sourceTree = "<group>"; };
		64D955F92A682548003D679E /* Assets.xcassets */ = {isa = PBXFileReference; lastKnownFileType = folder.assetcatalog; path = Assets.xcassets; sourceTree = "<group>"; };
		64D955FC2A682548003D679E /* Preview Assets.xcassets */ = {isa = PBXFileReference; lastKnownFileType = folder.assetcatalog; path = "Preview Assets.xcassets"; sourceTree = "<group>"; };
		64D956032A68259F003D679E /* HealthView.swift */ = {isa = PBXFileReference; lastKnownFileType = sourcecode.swift; path = HealthView.swift; sourceTree = "<group>"; };
		64D956052A6825C1003D679E /* ExercisesView.swift */ = {isa = PBXFileReference; lastKnownFileType = sourcecode.swift; path = ExercisesView.swift; sourceTree = "<group>"; };
		64D956072A6825D7003D679E /* CaloriesView.swift */ = {isa = PBXFileReference; lastKnownFileType = sourcecode.swift; path = CaloriesView.swift; sourceTree = "<group>"; };
		64D956092A682689003D679E /* SettingsView.swift */ = {isa = PBXFileReference; lastKnownFileType = sourcecode.swift; path = SettingsView.swift; sourceTree = "<group>"; };
/* End PBXFileReference section */

/* Begin PBXFrameworksBuildPhase section */
		64D955EF2A682548003D679E /* Frameworks */ = {
			isa = PBXFrameworksBuildPhase;
			buildActionMask = 2147483647;
			files = (
				64C78A202A6D44E500436687 /* FSCalendar in Frameworks */,
			);
			runOnlyForDeploymentPostprocessing = 0;
		};
/* End PBXFrameworksBuildPhase section */

/* Begin PBXGroup section */
		64D955E92A682548003D679E = {
			isa = PBXGroup;
			children = (
				64D955F42A682548003D679E /* fitness-app */,
				64D955F32A682548003D679E /* Products */,
			);
			sourceTree = "<group>";
		};
		64D955F32A682548003D679E /* Products */ = {
			isa = PBXGroup;
			children = (
				64D955F22A682548003D679E /* Dawn.app */,
			);
			name = Products;
			sourceTree = "<group>";
		};
		64D955F42A682548003D679E /* fitness-app */ = {
			isa = PBXGroup;
			children = (
				64B832322A696C3D00079C83 /* Info.plist */,
				64D9560B2A68276A003D679E /* Views */,
				64D955F52A682548003D679E /* fitness_appApp.swift */,
				6445BD092A697A3A00833E65 /* LaunchScreenManager.swift */,
				64D955F72A682548003D679E /* ContentView.swift */,
				64D955F92A682548003D679E /* Assets.xcassets */,
				64D955FB2A682548003D679E /* Preview Content */,
			);
			path = "fitness-app";
			sourceTree = "<group>";
		};
		64D955FB2A682548003D679E /* Preview Content */ = {
			isa = PBXGroup;
			children = (
				64D955FC2A682548003D679E /* Preview Assets.xcassets */,
			);
			path = "Preview Content";
			sourceTree = "<group>";
		};
		64D9560B2A68276A003D679E /* Views */ = {
			isa = PBXGroup;
			children = (
				64D956072A6825D7003D679E /* CaloriesView.swift */,
				64D956052A6825C1003D679E /* ExercisesView.swift */,
				64C78A212A6D492B00436687 /* FormattedDate.swift */,
				64D956032A68259F003D679E /* HealthView.swift */,
				6445BD0B2A69A75C00833E65 /* HomeView.swift */,
				64D956092A682689003D679E /* SettingsView.swift */,
				64B832352A696E1800079C83 /* LaunchScreenView.swift */,
			);
			path = Views;
			sourceTree = "<group>";
		};
/* End PBXGroup section */

/* Begin PBXNativeTarget section */
		64D955F12A682548003D679E /* Dawn */ = {
			isa = PBXNativeTarget;
			buildConfigurationList = 64D956002A682548003D679E /* Build configuration list for PBXNativeTarget "Dawn" */;
			buildPhases = (
				64D955EE2A682548003D679E /* Sources */,
				64D955EF2A682548003D679E /* Frameworks */,
				64D955F02A682548003D679E /* Resources */,
			);
			buildRules = (
			);
			dependencies = (
			);
			name = Dawn;
			packageProductDependencies = (
				64C78A1F2A6D44E500436687 /* FSCalendar */,
			);
			productName = "fitness-app";
			productReference = 64D955F22A682548003D679E /* Dawn.app */;
			productType = "com.apple.product-type.application";
		};
/* End PBXNativeTarget section */

/* Begin PBXProject section */
		64D955EA2A682548003D679E /* Project object */ = {
			isa = PBXProject;
			attributes = {
				BuildIndependentTargetsInParallel = 1;
				LastSwiftUpdateCheck = 1430;
				LastUpgradeCheck = 1430;
				TargetAttributes = {
					64D955F12A682548003D679E = {
						CreatedOnToolsVersion = 14.3.1;
					};
				};
			};
			buildConfigurationList = 64D955ED2A682548003D679E /* Build configuration list for PBXProject "Dawn" */;
			compatibilityVersion = "Xcode 14.0";
			developmentRegion = en;
			hasScannedForEncodings = 0;
			knownRegions = (
				en,
				Base,
			);
			mainGroup = 64D955E92A682548003D679E;
			packageReferences = (
				64C78A1E2A6D44E500436687 /* XCRemoteSwiftPackageReference "FSCalendar" */,
			);
			productRefGroup = 64D955F32A682548003D679E /* Products */;
			projectDirPath = "";
			projectRoot = "";
			targets = (
				64D955F12A682548003D679E /* Dawn */,
			);
		};
/* End PBXProject section */

/* Begin PBXResourcesBuildPhase section */
		64D955F02A682548003D679E /* Resources */ = {
			isa = PBXResourcesBuildPhase;
			buildActionMask = 2147483647;
			files = (
				64D955FD2A682548003D679E /* Preview Assets.xcassets in Resources */,
				64D955FA2A682548003D679E /* Assets.xcassets in Resources */,
			);
			runOnlyForDeploymentPostprocessing = 0;
		};
/* End PBXResourcesBuildPhase section */

/* Begin PBXSourcesBuildPhase section */
		64D955EE2A682548003D679E /* Sources */ = {
			isa = PBXSourcesBuildPhase;
			buildActionMask = 2147483647;
			files = (
				6445BD0C2A69A75C00833E65 /* HomeView.swift in Sources */,
				64D956082A6825D7003D679E /* CaloriesView.swift in Sources */,
				64D956062A6825C1003D679E /* ExercisesView.swift in Sources */,
				6445BD0A2A697A3A00833E65 /* LaunchScreenManager.swift in Sources */,
				64C78A222A6D492B00436687 /* FormattedDate.swift in Sources */,
				64B832362A696E1800079C83 /* LaunchScreenView.swift in Sources */,
				64D956042A68259F003D679E /* HealthView.swift in Sources */,
				64D9560A2A682689003D679E /* SettingsView.swift in Sources */,
				64D955F82A682548003D679E /* ContentView.swift in Sources */,
				64D955F62A682548003D679E /* fitness_appApp.swift in Sources */,
			);
			runOnlyForDeploymentPostprocessing = 0;
		};
/* End PBXSourcesBuildPhase section */

/* Begin XCBuildConfiguration section */
		64D955FE2A682548003D679E /* Debug */ = {
			isa = XCBuildConfiguration;
			buildSettings = {
				ALWAYS_SEARCH_USER_PATHS = NO;
				CLANG_ANALYZER_NONNULL = YES;
				CLANG_ANALYZER_NUMBER_OBJECT_CONVERSION = YES_AGGRESSIVE;
				CLANG_CXX_LANGUAGE_STANDARD = "gnu++20";
				CLANG_ENABLE_MODULES = YES;
				CLANG_ENABLE_OBJC_ARC = YES;
				CLANG_ENABLE_OBJC_WEAK = YES;
				CLANG_WARN_BLOCK_CAPTURE_AUTORELEASING = YES;
				CLANG_WARN_BOOL_CONVERSION = YES;
				CLANG_WARN_COMMA = YES;
				CLANG_WARN_CONSTANT_CONVERSION = YES;
				CLANG_WARN_DEPRECATED_OBJC_IMPLEMENTATIONS = YES;
				CLANG_WARN_DIRECT_OBJC_ISA_USAGE = YES_ERROR;
				CLANG_WARN_DOCUMENTATION_COMMENTS = YES;
				CLANG_WARN_EMPTY_BODY = YES;
				CLANG_WARN_ENUM_CONVERSION = YES;
				CLANG_WARN_INFINITE_RECURSION = YES;
				CLANG_WARN_INT_CONVERSION = YES;
				CLANG_WARN_NON_LITERAL_NULL_CONVERSION = YES;
				CLANG_WARN_OBJC_IMPLICIT_RETAIN_SELF = YES;
				CLANG_WARN_OBJC_LITERAL_CONVERSION = YES;
				CLANG_WARN_OBJC_ROOT_CLASS = YES_ERROR;
				CLANG_WARN_QUOTED_INCLUDE_IN_FRAMEWORK_HEADER = YES;
				CLANG_WARN_RANGE_LOOP_ANALYSIS = YES;
				CLANG_WARN_STRICT_PROTOTYPES = YES;
				CLANG_WARN_SUSPICIOUS_MOVE = YES;
				CLANG_WARN_UNGUARDED_AVAILABILITY = YES_AGGRESSIVE;
				CLANG_WARN_UNREACHABLE_CODE = YES;
				CLANG_WARN__DUPLICATE_METHOD_MATCH = YES;
				COPY_PHASE_STRIP = NO;
				DEBUG_INFORMATION_FORMAT = dwarf;
				ENABLE_STRICT_OBJC_MSGSEND = YES;
				ENABLE_TESTABILITY = YES;
				GCC_C_LANGUAGE_STANDARD = gnu11;
				GCC_DYNAMIC_NO_PIC = NO;
				GCC_NO_COMMON_BLOCKS = YES;
				GCC_OPTIMIZATION_LEVEL = 0;
				GCC_PREPROCESSOR_DEFINITIONS = (
					"DEBUG=1",
					"$(inherited)",
				);
				GCC_WARN_64_TO_32_BIT_CONVERSION = YES;
				GCC_WARN_ABOUT_RETURN_TYPE = YES_ERROR;
				GCC_WARN_UNDECLARED_SELECTOR = YES;
				GCC_WARN_UNINITIALIZED_AUTOS = YES_AGGRESSIVE;
				GCC_WARN_UNUSED_FUNCTION = YES;
				GCC_WARN_UNUSED_VARIABLE = YES;
				IPHONEOS_DEPLOYMENT_TARGET = 16.4;
				MTL_ENABLE_DEBUG_INFO = INCLUDE_SOURCE;
				MTL_FAST_MATH = YES;
				ONLY_ACTIVE_ARCH = YES;
				SDKROOT = iphoneos;
				SWIFT_ACTIVE_COMPILATION_CONDITIONS = DEBUG;
				SWIFT_OPTIMIZATION_LEVEL = "-Onone";
			};
			name = Debug;
		};
		64D955FF2A682548003D679E /* Release */ = {
			isa = XCBuildConfiguration;
			buildSettings = {
				ALWAYS_SEARCH_USER_PATHS = NO;
				CLANG_ANALYZER_NONNULL = YES;
				CLANG_ANALYZER_NUMBER_OBJECT_CONVERSION = YES_AGGRESSIVE;
				CLANG_CXX_LANGUAGE_STANDARD = "gnu++20";
				CLANG_ENABLE_MODULES = YES;
				CLANG_ENABLE_OBJC_ARC = YES;
				CLANG_ENABLE_OBJC_WEAK = YES;
				CLANG_WARN_BLOCK_CAPTURE_AUTORELEASING = YES;
				CLANG_WARN_BOOL_CONVERSION = YES;
				CLANG_WARN_COMMA = YES;
				CLANG_WARN_CONSTANT_CONVERSION = YES;
				CLANG_WARN_DEPRECATED_OBJC_IMPLEMENTATIONS = YES;
				CLANG_WARN_DIRECT_OBJC_ISA_USAGE = YES_ERROR;
				CLANG_WARN_DOCUMENTATION_COMMENTS = YES;
				CLANG_WARN_EMPTY_BODY = YES;
				CLANG_WARN_ENUM_CONVERSION = YES;
				CLANG_WARN_INFINITE_RECURSION = YES;
				CLANG_WARN_INT_CONVERSION = YES;
				CLANG_WARN_NON_LITERAL_NULL_CONVERSION = YES;
				CLANG_WARN_OBJC_IMPLICIT_RETAIN_SELF = YES;
				CLANG_WARN_OBJC_LITERAL_CONVERSION = YES;
				CLANG_WARN_OBJC_ROOT_CLASS = YES_ERROR;
				CLANG_WARN_QUOTED_INCLUDE_IN_FRAMEWORK_HEADER = YES;
				CLANG_WARN_RANGE_LOOP_ANALYSIS = YES;
				CLANG_WARN_STRICT_PROTOTYPES = YES;
				CLANG_WARN_SUSPICIOUS_MOVE = YES;
				CLANG_WARN_UNGUARDED_AVAILABILITY = YES_AGGRESSIVE;
				CLANG_WARN_UNREACHABLE_CODE = YES;
				CLANG_WARN__DUPLICATE_METHOD_MATCH = YES;
				COPY_PHASE_STRIP = NO;
				DEBUG_INFORMATION_FORMAT = "dwarf-with-dsym";
				ENABLE_NS_ASSERTIONS = NO;
				ENABLE_STRICT_OBJC_MSGSEND = YES;
				GCC_C_LANGUAGE_STANDARD = gnu11;
				GCC_NO_COMMON_BLOCKS = YES;
				GCC_WARN_64_TO_32_BIT_CONVERSION = YES;
				GCC_WARN_ABOUT_RETURN_TYPE = YES_ERROR;
				GCC_WARN_UNDECLARED_SELECTOR = YES;
				GCC_WARN_UNINITIALIZED_AUTOS = YES_AGGRESSIVE;
				GCC_WARN_UNUSED_FUNCTION = YES;
				GCC_WARN_UNUSED_VARIABLE = YES;
				IPHONEOS_DEPLOYMENT_TARGET = 16.4;
				MTL_ENABLE_DEBUG_INFO = NO;
				MTL_FAST_MATH = YES;
				SDKROOT = iphoneos;
				SWIFT_COMPILATION_MODE = wholemodule;
				SWIFT_OPTIMIZATION_LEVEL = "-O";
				VALIDATE_PRODUCT = YES;
			};
			name = Release;
		};
		64D956012A682548003D679E /* Debug */ = {
			isa = XCBuildConfiguration;
			buildSettings = {
				ASSETCATALOG_COMPILER_APPICON_NAME = AppIcon;
				ASSETCATALOG_COMPILER_GLOBAL_ACCENT_COLOR_NAME = AccentColor;
				CODE_SIGN_STYLE = Automatic;
				CURRENT_PROJECT_VERSION = 1;
				DEVELOPMENT_ASSET_PATHS = "\"fitness-app/Preview Content\"";
				ENABLE_PREVIEWS = YES;
				GENERATE_INFOPLIST_FILE = YES;
				INFOPLIST_FILE = "fitness-app/Info.plist";
				INFOPLIST_KEY_CFBundleDisplayName = Dawn;
				INFOPLIST_KEY_UIApplicationSceneManifest_Generation = YES;
				INFOPLIST_KEY_UIApplicationSupportsIndirectInputEvents = YES;
				INFOPLIST_KEY_UISupportedInterfaceOrientations_iPad = "UIInterfaceOrientationPortrait UIInterfaceOrientationPortraitUpsideDown UIInterfaceOrientationLandscapeLeft UIInterfaceOrientationLandscapeRight";
				INFOPLIST_KEY_UISupportedInterfaceOrientations_iPhone = "UIInterfaceOrientationPortrait UIInterfaceOrientationLandscapeLeft UIInterfaceOrientationLandscapeRight";
				LD_RUNPATH_SEARCH_PATHS = (
					"$(inherited)",
					"@executable_path/Frameworks",
				);
				MARKETING_VERSION = 1.0;
				PRODUCT_BUNDLE_IDENTIFIER = "elias.fitness-app";
				PRODUCT_NAME = Dawn;
				SWIFT_EMIT_LOC_STRINGS = YES;
				SWIFT_VERSION = 5.0;
				TARGETED_DEVICE_FAMILY = "1,2";
			};
			name = Debug;
		};
		64D956022A682548003D679E /* Release */ = {
			isa = XCBuildConfiguration;
			buildSettings = {
				ASSETCATALOG_COMPILER_APPICON_NAME = AppIcon;
				ASSETCATALOG_COMPILER_GLOBAL_ACCENT_COLOR_NAME = AccentColor;
				CODE_SIGN_STYLE = Automatic;
				CURRENT_PROJECT_VERSION = 1;
				DEVELOPMENT_ASSET_PATHS = "\"fitness-app/Preview Content\"";
				ENABLE_PREVIEWS = YES;
				GENERATE_INFOPLIST_FILE = YES;
				INFOPLIST_FILE = "fitness-app/Info.plist";
				INFOPLIST_KEY_CFBundleDisplayName = Dawn;
				INFOPLIST_KEY_UIApplicationSceneManifest_Generation = YES;
				INFOPLIST_KEY_UIApplicationSupportsIndirectInputEvents = YES;
				INFOPLIST_KEY_UISupportedInterfaceOrientations_iPad = "UIInterfaceOrientationPortrait UIInterfaceOrientationPortraitUpsideDown UIInterfaceOrientationLandscapeLeft UIInterfaceOrientationLandscapeRight";
				INFOPLIST_KEY_UISupportedInterfaceOrientations_iPhone = "UIInterfaceOrientationPortrait UIInterfaceOrientationLandscapeLeft UIInterfaceOrientationLandscapeRight";
				LD_RUNPATH_SEARCH_PATHS = (
					"$(inherited)",
					"@executable_path/Frameworks",
				);
				MARKETING_VERSION = 1.0;
				PRODUCT_BUNDLE_IDENTIFIER = "elias.fitness-app";
				PRODUCT_NAME = Dawn;
				SWIFT_EMIT_LOC_STRINGS = YES;
				SWIFT_VERSION = 5.0;
				TARGETED_DEVICE_FAMILY = "1,2";
			};
			name = Release;
		};
/* End XCBuildConfiguration section */

/* Begin XCConfigurationList section */
		64D955ED2A682548003D679E /* Build configuration list for PBXProject "Dawn" */ = {
			isa = XCConfigurationList;
			buildConfigurations = (
				64D955FE2A682548003D679E /* Debug */,
				64D955FF2A682548003D679E /* Release */,
			);
			defaultConfigurationIsVisible = 0;
			defaultConfigurationName = Release;
		};
		64D956002A682548003D679E /* Build configuration list for PBXNativeTarget "Dawn" */ = {
			isa = XCConfigurationList;
			buildConfigurations = (
				64D956012A682548003D679E /* Debug */,
				64D956022A682548003D679E /* Release */,
			);
			defaultConfigurationIsVisible = 0;
			defaultConfigurationName = Release;
		};
/* End XCConfigurationList section */

/* Begin XCRemoteSwiftPackageReference section */
		64C78A1E2A6D44E500436687 /* XCRemoteSwiftPackageReference "FSCalendar" */ = {
			isa = XCRemoteSwiftPackageReference;
			repositoryURL = "https://github.com/WenchaoD/FSCalendar";
			requirement = {
				kind = upToNextMajorVersion;
				minimumVersion = 2.0.0;
			};
		};
/* End XCRemoteSwiftPackageReference section */

/* Begin XCSwiftPackageProductDependency section */
		64C78A1F2A6D44E500436687 /* FSCalendar */ = {
			isa = XCSwiftPackageProductDependency;
			package = 64C78A1E2A6D44E500436687 /* XCRemoteSwiftPackageReference "FSCalendar" */;
			productName = FSCalendar;
		};
/* End XCSwiftPackageProductDependency section */
	};
	rootObject = 64D955EA2A682548003D679E /* Project object */;
}
